
Microsoft Visual Studio Solution File, Format Version 12.00
# Visual Studio 15
VisualStudioVersion = 15.0.28307.645
MinimumVisualStudioVersion = 10.0.40219.1
Project("{FAE04EC0-301F-11D3-BF4B-00C04F79EFBC}") = "素材合成", "素材合成.csproj", "{35116452-A796-41C5-B318-9804D8048F24}"
EndProject
Global
	GlobalSection(SolutionConfigurationPlatforms) = preSolution
		Debug|Any CPU = Debug|Any CPU
		Release|Any CPU = Release|Any CPU
	EndGlobalSection
	GlobalSection(ProjectConfigurationPlatforms) = postSolution
		{35116452-A796-41C5-B318-9804D8048F24}.Debug|Any CPU.ActiveCfg = Debug|Any CPU
		{35116452-A796-41C5-B318-9804D8048F24}.Debug|Any CPU.Build.0 = Debug|Any CPU
		{35116452-A796-41C5-B318-9804D8048F24}.Release|Any CPU.ActiveCfg = Release|Any CPU
		{35116452-A796-41C5-B318-9804D8048F24}.Release|Any CPU.Build.0 = Release|Any CPU
	EndGlobalSection
	GlobalSection(SolutionProperties) = preSolution
		HideSolutionNode = FALSE
	EndGlobalSection
	GlobalSection(ExtensibilityGlobals) = postSolution
		SolutionGuid = {32EB76EA-E703-4C9D-A26A-B8A033380DE3}
	EndGlobalSection
EndGlobal
